
Microsoft Visual Studio Solution File, Format Version 12.00
# Visual Studio 15
VisualStudioVersion = 15.0.27130.2027
MinimumVisualStudioVersion = 10.0.40219.1
Project("{FAE04EC0-301F-11D3-BF4B-00C04F79EFBC}") = "LithnetDemo", "LithnetDemo\LithnetDemo.csproj", "{05F23379-8A00-4171-9BE5-4D9419F03455}"
EndProject
Global
	GlobalSection(SolutionConfigurationPlatforms) = preSolution
		Debug|Any CPU = Debug|Any CPU
		Release|Any CPU = Release|Any CPU
	EndGlobalSection
	GlobalSection(ProjectConfigurationPlatforms) = postSolution
		{05F23379-8A00-4171-9BE5-4D9419F03455}.Debug|Any CPU.ActiveCfg = Debug|Any CPU
		{05F23379-8A00-4171-9BE5-4D9419F03455}.Debug|Any CPU.Build.0 = Debug|Any CPU
		{05F23379-8A00-4171-9BE5-4D9419F03455}.Release|Any CPU.ActiveCfg = Release|Any CPU
		{05F23379-8A00-4171-9BE5-4D9419F03455}.Release|Any CPU.Build.0 = Release|Any CPU
	EndGlobalSection
	GlobalSection(SolutionProperties) = preSolution
		HideSolutionNode = FALSE
	EndGlobalSection
	GlobalSection(ExtensibilityGlobals) = postSolution
		SolutionGuid = {F5BA70EF-0EBF-4DB1-A6C5-B35362DD6CBF}
	EndGlobalSection
EndGlobal
